{
  "version": 4,
  "terraform_version": "1.10.3",
  "serial": 9,
  "lineage": "a09fd711-2241-96dc-4ff6-28b884df3b6d",
  "outputs": {
    "resource_group_name": {
      "value": "tars-resources",
      "type": "string"
    },
    "vm_public_ip_address": {
      "value": "13.82.95.209",
      "type": "string"
    },
    "vm_ssh_command": {
      "value": "ssh azureuser@13.82.95.209",
      "type": "string"
    }
  },
  "resources": [
    {
      "mode": "managed",
      "type": "azurerm_linux_virtual_machine",
      "name": "tars_vm",
      "provider": "provider[\"registry.terraform.io/hashicorp/azurerm\"]",
      "instances": [
        {
          "schema_version": 0,
          "attributes": {
            "additional_capabilities": [],
            "admin_password": null,
            "admin_ssh_key": [
              {
                "public_key": "ssh-rsa AAAAB3NzaC1yc2EAAAADAQABAAACAQDs8jtWEIz0vT5YrnC9DaOvf2hbfkONadUr1cA5NnPPSapwFqN0v1X0Iw20p4/xIlBXqEEkIUP8PiAtmFLf5A86I5Lc0+YgKV7DyNYZaX0Fiqp0+bMqJzi0opjTwsEx1Hy5oVyESzxbcWs6plbqhaWgXq/aiHM6ZhPJKzBxME2lJVfT+KSLJk4scQd8UNO9EoKGvUQVM4O2sl7ALK0g3KYJU/lsjTFDwHG5hK8d6Xbdj8xQvzeKOZmKdBukigcpiXrmf1zHk7SvhwgOCnWJtAXojv2WWqV1iZyoZ55bLYB/nJJelR1C6rPrQb4OkriKB+Gvixp9yJ8jD9s7Ke9/KtqN/DldEIcr1jv+wU50wnai5md6SJu1wtA6+iwCKPSfaKRQc9afzMYY4uR+A5EA0gAVioRhpArXqw3LC5FvYOcNLJQYyiB2uHlTEkfdNODWpzTqWmfdr2ghnLdx6ztgh9way+b9v6c/Mz1q+mZNGlsPHjzwk4lepu1Xff7n66iieFuIdYaOj9syzhR/aSO3eXWWP1CTwXsQu91Ta9/ejOTceU46HV9HwQyEfTQvYXl4I38/S6Nfuh9m2Vn92eIJEWGA+ABFYvWeqVrUtS+1hvIyG1hkDcWQ3ugiddXzCHRqc4q34AWFLAscm8wPk5aGZ+T6QcybHbqcVF6XObZjz4Z9Jw== haziqhakimi02@gmail.com\n",
                "username": "azureuser"
              }
            ],
            "admin_username": "azureuser",
            "allow_extension_operations": true,
            "availability_set_id": "",
            "boot_diagnostics": [],
            "computer_name": "tars-vm",
            "custom_data": "IyEvYmluL2Jhc2gKIyBJbnN0YWxsIERvY2tlcgphcHQtZ2V0IHVwZGF0ZQphcHQtZ2V0IGluc3RhbGwgLXkgYXB0LXRyYW5zcG9ydC1odHRwcyBjYS1jZXJ0aWZpY2F0ZXMgY3VybCBzb2Z0d2FyZS1wcm9wZXJ0aWVzLWNvbW1vbgpjdXJsIC1mc1NMIGh0dHBzOi8vZG93bmxvYWQuZG9ja2VyLmNvbS9saW51eC91YnVudHUvZ3BnIHwgYXB0LWtleSBhZGQgLQphZGQtYXB0LXJlcG9zaXRvcnkgImRlYiBbYXJjaD1hbWQ2NF0gaHR0cHM6Ly9kb3dubG9hZC5kb2NrZXIuY29tL2xpbnV4L3VidW50dSAkKGxzYl9yZWxlYXNlIC1jcykgc3RhYmxlIgphcHQtZ2V0IHVwZGF0ZQphcHQtZ2V0IGluc3RhbGwgLXkgZG9ja2VyLWNlIGRvY2tlci1jZS1jbGkgY29udGFpbmVyZC5pbwpzeXN0ZW1jdGwgZW5hYmxlIGRvY2tlcgpzeXN0ZW1jdGwgc3RhcnQgZG9ja2VyCiAgICAKIyBQdWxsIGFuZCBydW4geW91ciBEb2NrZXIgaW1hZ2UgKHJlcGxhY2Ugd2l0aCB5b3VyIGFjdHVhbCBpbWFnZSkKIyBkb2NrZXIgcHVsbCB5b3VyLXJlZ2lzdHJ5L3lvdXItdGFycy1iYWNrZW5kLWltYWdlOmxhdGVzdAojIGRvY2tlciBydW4gLWQgLXAgODA6ODAgeW91ci1yZWdpc3RyeS95b3VyLXRhcnMtYmFja2VuZC1pbWFnZTpsYXRlc3QK",
            "dedicated_host_group_id": "",
            "dedicated_host_id": "",
            "disable_password_authentication": true,
            "edge_zone": "",
            "encryption_at_host_enabled": false,
            "eviction_policy": "",
            "extensions_time_budget": "PT1H30M",
            "id": "/subscriptions/7359754e-a034-4438-bd7b-9f7d77f56f32/resourceGroups/tars-resources/providers/Microsoft.Compute/virtualMachines/tars-vm",
            "identity": [],
            "license_type": "",
            "location": "eastus",
            "max_bid_price": -1,
            "name": "tars-vm",
            "network_interface_ids": [
              "/subscriptions/7359754e-a034-4438-bd7b-9f7d77f56f32/resourceGroups/tars-resources/providers/Microsoft.Network/networkInterfaces/tars-nic"
            ],
            "os_disk": [
              {
                "caching": "ReadWrite",
                "diff_disk_settings": [],
                "disk_encryption_set_id": "",
                "disk_size_gb": 30,
                "name": "tars-vm_OsDisk_1_86c5c7b478584089a9cf912b3ad27ab7",
                "storage_account_type": "Standard_LRS",
                "write_accelerator_enabled": false
              }
            ],
            "patch_mode": "ImageDefault",
            "plan": [],
            "platform_fault_domain": -1,
            "priority": "Regular",
            "private_ip_address": "10.0.1.4",
            "private_ip_addresses": [
              "10.0.1.4"
            ],
            "provision_vm_agent": true,
            "proximity_placement_group_id": "",
            "public_ip_address": "13.82.95.209",
            "public_ip_addresses": [
              "13.82.95.209"
            ],
            "resource_group_name": "tars-resources",
            "secret": [],
            "secure_boot_enabled": false,
            "size": "Standard_B2s",
            "source_image_id": "",
            "source_image_reference": [
              {
                "offer": "UbuntuServer",
                "publisher": "Canonical",
                "sku": "18.04-LTS",
                "version": "latest"
              }
            ],
            "tags": null,
            "termination_notification": null,
            "timeouts": null,
            "user_data": "",
            "virtual_machine_id": "68fd4d10-0039-48bf-a6e7-c4bd12bdd2a5",
            "virtual_machine_scale_set_id": "",
            "vtpm_enabled": false,
            "zone": ""
          },
          "sensitive_attributes": [
            [
              {
                "type": "get_attr",
                "value": "custom_data"
              }
            ],
            [
              {
                "type": "get_attr",
                "value": "admin_password"
              }
            ]
          ],
          "private": "eyJlMmJmYjczMC1lY2FhLTExZTYtOGY4OC0zNDM2M2JjN2M0YzAiOnsiY3JlYXRlIjoyNzAwMDAwMDAwMDAwLCJkZWxldGUiOjI3MDAwMDAwMDAwMDAsInJlYWQiOjMwMDAwMDAwMDAwMCwidXBkYXRlIjoyNzAwMDAwMDAwMDAwfX0=",
          "dependencies": [
            "azurerm_network_interface.tars_nic",
            "azurerm_public_ip.tars_public_ip",
            "azurerm_resource_group.tars_rg",
            "azurerm_subnet.tars_subnet",
            "azurerm_virtual_network.tars_vnet"
          ]
        }
      ]
    },
    {
      "mode": "managed",
      "type": "azurerm_network_interface",
      "name": "tars_nic",
      "provider": "provider[\"registry.terraform.io/hashicorp/azurerm\"]",
      "instances": [
        {
          "schema_version": 0,
          "attributes": {
            "applied_dns_servers": [],
            "dns_servers": [],
            "edge_zone": "",
            "enable_accelerated_networking": false,
            "enable_ip_forwarding": false,
            "id": "/subscriptions/7359754e-a034-4438-bd7b-9f7d77f56f32/resourceGroups/tars-resources/providers/Microsoft.Network/networkInterfaces/tars-nic",
            "internal_dns_name_label": "",
            "internal_domain_name_suffix": "ghny4hr4nntunkoxttcmigkpsg.bx.internal.cloudapp.net",
            "ip_configuration": [
              {
                "gateway_load_balancer_frontend_ip_configuration_id": "",
                "name": "internal",
                "primary": true,
                "private_ip_address": "10.0.1.4",
                "private_ip_address_allocation": "Dynamic",
                "private_ip_address_version": "IPv4",
                "public_ip_address_id": "/subscriptions/7359754e-a034-4438-bd7b-9f7d77f56f32/resourceGroups/tars-resources/providers/Microsoft.Network/publicIPAddresses/tars-public-ip",
                "subnet_id": "/subscriptions/7359754e-a034-4438-bd7b-9f7d77f56f32/resourceGroups/tars-resources/providers/Microsoft.Network/virtualNetworks/tars-network/subnets/tars-subnet"
              }
            ],
            "location": "eastus",
            "mac_address": "",
            "name": "tars-nic",
            "private_ip_address": "10.0.1.4",
            "private_ip_addresses": [
              "10.0.1.4"
            ],
            "resource_group_name": "tars-resources",
            "tags": null,
            "timeouts": null,
            "virtual_machine_id": ""
          },
          "sensitive_attributes": [],
          "private": "eyJlMmJmYjczMC1lY2FhLTExZTYtOGY4OC0zNDM2M2JjN2M0YzAiOnsiY3JlYXRlIjoxODAwMDAwMDAwMDAwLCJkZWxldGUiOjE4MDAwMDAwMDAwMDAsInJlYWQiOjMwMDAwMDAwMDAwMCwidXBkYXRlIjoxODAwMDAwMDAwMDAwfX0=",
          "dependencies": [
            "azurerm_public_ip.tars_public_ip",
            "azurerm_resource_group.tars_rg",
            "azurerm_subnet.tars_subnet",
            "azurerm_virtual_network.tars_vnet"
          ]
        }
      ]
    },
    {
      "mode": "managed",
      "type": "azurerm_network_interface_security_group_association",
      "name": "tars_nic_nsg_association",
      "provider": "provider[\"registry.terraform.io/hashicorp/azurerm\"]",
      "instances": [
        {
          "schema_version": 0,
          "attributes": {
            "id": "/subscriptions/7359754e-a034-4438-bd7b-9f7d77f56f32/resourceGroups/tars-resources/providers/Microsoft.Network/networkInterfaces/tars-nic|/subscriptions/7359754e-a034-4438-bd7b-9f7d77f56f32/resourceGroups/tars-resources/providers/Microsoft.Network/networkSecurityGroups/tars-nsg",
            "network_interface_id": "/subscriptions/7359754e-a034-4438-bd7b-9f7d77f56f32/resourceGroups/tars-resources/providers/Microsoft.Network/networkInterfaces/tars-nic",
            "network_security_group_id": "/subscriptions/7359754e-a034-4438-bd7b-9f7d77f56f32/resourceGroups/tars-resources/providers/Microsoft.Network/networkSecurityGroups/tars-nsg",
            "timeouts": null
          },
          "sensitive_attributes": [],
          "private": "eyJlMmJmYjczMC1lY2FhLTExZTYtOGY4OC0zNDM2M2JjN2M0YzAiOnsiY3JlYXRlIjoxODAwMDAwMDAwMDAwLCJkZWxldGUiOjE4MDAwMDAwMDAwMDAsInJlYWQiOjMwMDAwMDAwMDAwMCwidXBkYXRlIjoxODAwMDAwMDAwMDAwfX0=",
          "dependencies": [
            "azurerm_network_interface.tars_nic",
            "azurerm_network_security_group.tars_nsg",
            "azurerm_public_ip.tars_public_ip",
            "azurerm_resource_group.tars_rg",
            "azurerm_subnet.tars_subnet",
            "azurerm_virtual_network.tars_vnet"
          ]
        }
      ]
    },
    {
      "mode": "managed",
      "type": "azurerm_network_security_group",
      "name": "tars_nsg",
      "provider": "provider[\"registry.terraform.io/hashicorp/azurerm\"]",
      "instances": [
        {
          "schema_version": 0,
          "attributes": {
            "id": "/subscriptions/7359754e-a034-4438-bd7b-9f7d77f56f32/resourceGroups/tars-resources/providers/Microsoft.Network/networkSecurityGroups/tars-nsg",
            "location": "eastus",
            "name": "tars-nsg",
            "resource_group_name": "tars-resources",
            "security_rule": [
              {
                "access": "Allow",
                "description": "",
                "destination_address_prefix": "*",
                "destination_address_prefixes": [],
                "destination_application_security_group_ids": [],
                "destination_port_range": "22",
                "destination_port_ranges": [],
                "direction": "Inbound",
                "name": "SSH",
                "priority": 1003,
                "protocol": "Tcp",
                "source_address_prefix": "*",
                "source_address_prefixes": [],
                "source_application_security_group_ids": [],
                "source_port_range": "*",
                "source_port_ranges": []
              },
              {
                "access": "Allow",
                "description": "",
                "destination_address_prefix": "*",
                "destination_address_prefixes": [],
                "destination_application_security_group_ids": [],
                "destination_port_range": "443",
                "destination_port_ranges": [],
                "direction": "Inbound",
                "name": "HTTPS",
                "priority": 1002,
                "protocol": "Tcp",
                "source_address_prefix": "*",
                "source_address_prefixes": [],
                "source_application_security_group_ids": [],
                "source_port_range": "*",
                "source_port_ranges": []
              },
              {
                "access": "Allow",
                "description": "",
                "destination_address_prefix": "*",
                "destination_address_prefixes": [],
                "destination_application_security_group_ids": [],
                "destination_port_range": "80",
                "destination_port_ranges": [],
                "direction": "Inbound",
                "name": "HTTP",
                "priority": 1001,
                "protocol": "Tcp",
                "source_address_prefix": "*",
                "source_address_prefixes": [],
                "source_application_security_group_ids": [],
                "source_port_range": "*",
                "source_port_ranges": []
              }
            ],
            "tags": null,
            "timeouts": null
          },
          "sensitive_attributes": [],
          "private": "eyJlMmJmYjczMC1lY2FhLTExZTYtOGY4OC0zNDM2M2JjN2M0YzAiOnsiY3JlYXRlIjoxODAwMDAwMDAwMDAwLCJkZWxldGUiOjE4MDAwMDAwMDAwMDAsInJlYWQiOjMwMDAwMDAwMDAwMCwidXBkYXRlIjoxODAwMDAwMDAwMDAwfX0=",
          "dependencies": [
            "azurerm_resource_group.tars_rg"
          ]
        }
      ]
    },
    {
      "mode": "managed",
      "type": "azurerm_public_ip",
      "name": "tars_public_ip",
      "provider": "provider[\"registry.terraform.io/hashicorp/azurerm\"]",
      "instances": [
        {
          "schema_version": 0,
          "attributes": {
            "allocation_method": "Static",
            "domain_name_label": null,
            "edge_zone": "",
            "fqdn": null,
            "id": "/subscriptions/7359754e-a034-4438-bd7b-9f7d77f56f32/resourceGroups/tars-resources/providers/Microsoft.Network/publicIPAddresses/tars-public-ip",
            "idle_timeout_in_minutes": 4,
            "ip_address": "13.82.95.209",
            "ip_tags": null,
            "ip_version": "IPv4",
            "location": "eastus",
            "name": "tars-public-ip",
            "public_ip_prefix_id": null,
            "resource_group_name": "tars-resources",
            "reverse_fqdn": null,
            "sku": "Basic",
            "sku_tier": "Regional",
            "tags": null,
            "timeouts": null,
            "zones": null
          },
          "sensitive_attributes": [],
          "private": "eyJlMmJmYjczMC1lY2FhLTExZTYtOGY4OC0zNDM2M2JjN2M0YzAiOnsiY3JlYXRlIjoxODAwMDAwMDAwMDAwLCJkZWxldGUiOjE4MDAwMDAwMDAwMDAsInJlYWQiOjMwMDAwMDAwMDAwMCwidXBkYXRlIjoxODAwMDAwMDAwMDAwfX0=",
          "dependencies": [
            "azurerm_resource_group.tars_rg"
          ]
        }
      ]
    },
    {
      "mode": "managed",
      "type": "azurerm_resource_group",
      "name": "tars_rg",
      "provider": "provider[\"registry.terraform.io/hashicorp/azurerm\"]",
      "instances": [
        {
          "schema_version": 0,
          "attributes": {
            "id": "/subscriptions/7359754e-a034-4438-bd7b-9f7d77f56f32/resourceGroups/tars-resources",
            "location": "eastus",
            "name": "tars-resources",
            "tags": null,
            "timeouts": null
          },
          "sensitive_attributes": [],
          "private": "eyJlMmJmYjczMC1lY2FhLTExZTYtOGY4OC0zNDM2M2JjN2M0YzAiOnsiY3JlYXRlIjo1NDAwMDAwMDAwMDAwLCJkZWxldGUiOjU0MDAwMDAwMDAwMDAsInJlYWQiOjMwMDAwMDAwMDAwMCwidXBkYXRlIjo1NDAwMDAwMDAwMDAwfX0="
        }
      ]
    },
    {
      "mode": "managed",
      "type": "azurerm_subnet",
      "name": "tars_subnet",
      "provider": "provider[\"registry.terraform.io/hashicorp/azurerm\"]",
      "instances": [
        {
          "schema_version": 0,
          "attributes": {
            "address_prefixes": [
              "10.0.1.0/24"
            ],
            "delegation": [],
            "enforce_private_link_endpoint_network_policies": false,
            "enforce_private_link_service_network_policies": false,
            "id": "/subscriptions/7359754e-a034-4438-bd7b-9f7d77f56f32/resourceGroups/tars-resources/providers/Microsoft.Network/virtualNetworks/tars-network/subnets/tars-subnet",
            "name": "tars-subnet",
            "resource_group_name": "tars-resources",
            "service_endpoint_policy_ids": null,
            "service_endpoints": null,
            "timeouts": null,
            "virtual_network_name": "tars-network"
          },
          "sensitive_attributes": [],
          "private": "eyJlMmJmYjczMC1lY2FhLTExZTYtOGY4OC0zNDM2M2JjN2M0YzAiOnsiY3JlYXRlIjoxODAwMDAwMDAwMDAwLCJkZWxldGUiOjE4MDAwMDAwMDAwMDAsInJlYWQiOjMwMDAwMDAwMDAwMCwidXBkYXRlIjoxODAwMDAwMDAwMDAwfX0=",
          "dependencies": [
            "azurerm_resource_group.tars_rg",
            "azurerm_virtual_network.tars_vnet"
          ]
        }
      ]
    },
    {
      "mode": "managed",
      "type": "azurerm_virtual_network",
      "name": "tars_vnet",
      "provider": "provider[\"registry.terraform.io/hashicorp/azurerm\"]",
      "instances": [
        {
          "schema_version": 0,
          "attributes": {
            "address_space": [
              "10.0.0.0/16"
            ],
            "bgp_community": "",
            "ddos_protection_plan": [],
            "dns_servers": [],
            "edge_zone": "",
            "flow_timeout_in_minutes": 0,
            "guid": "1e8fdb31-6b3e-4667-a9d7-9cc4c4194f96",
            "id": "/subscriptions/7359754e-a034-4438-bd7b-9f7d77f56f32/resourceGroups/tars-resources/providers/Microsoft.Network/virtualNetworks/tars-network",
            "location": "eastus",
            "name": "tars-network",
            "resource_group_name": "tars-resources",
            "subnet": [],
            "tags": null,
            "timeouts": null
          },
          "sensitive_attributes": [],
          "private": "eyJlMmJmYjczMC1lY2FhLTExZTYtOGY4OC0zNDM2M2JjN2M0YzAiOnsiY3JlYXRlIjoxODAwMDAwMDAwMDAwLCJkZWxldGUiOjE4MDAwMDAwMDAwMDAsInJlYWQiOjMwMDAwMDAwMDAwMCwidXBkYXRlIjoxODAwMDAwMDAwMDAwfX0=",
          "dependencies": [
            "azurerm_resource_group.tars_rg"
          ]
        }
      ]
    }
  ],
  "check_results": null
}
